// !$*UTF8*$!
{
	archiveVersion = 1;
	classes = {
	};
	objectVersion = 50;
	objects = {

/* Begin PBXBuildFile section */
		099E5C6625360B97005C1758 /* Tests_iOS.swift in Sources */ = {isa = PBXBuildFile; fileRef = 099E5C6525360B97005C1758 /* Tests_iOS.swift */; };
		099E5C7125360B97005C1758 /* Tests_macOS.swift in Sources */ = {isa = PBXBuildFile; fileRef = 099E5C7025360B97005C1758 /* Tests_macOS.swift */; };
		099E5C7325360B97005C1758 /* SauceDesignsAppApp.swift in Sources */ = {isa = PBXBuildFile; fileRef = 099E5C4A25360B8F005C1758 /* SauceDesignsAppApp.swift */; };
		099E5C7425360B97005C1758 /* SauceDesignsAppApp.swift in Sources */ = {isa = PBXBuildFile; fileRef = 099E5C4A25360B8F005C1758 /* SauceDesignsAppApp.swift */; };
		099E5C7525360B97005C1758 /* ContentView.swift in Sources */ = {isa = PBXBuildFile; fileRef = 099E5C4B25360B8F005C1758 /* ContentView.swift */; };
		099E5C7625360B97005C1758 /* ContentView.swift in Sources */ = {isa = PBXBuildFile; fileRef = 099E5C4B25360B8F005C1758 /* ContentView.swift */; };
		099E5C7725360B97005C1758 /* Assets.xcassets in Resources */ = {isa = PBXBuildFile; fileRef = 099E5C4C25360B97005C1758 /* Assets.xcassets */; };
		099E5C7825360B97005C1758 /* Assets.xcassets in Resources */ = {isa = PBXBuildFile; fileRef = 099E5C4C25360B97005C1758 /* Assets.xcassets */; };
		09A09DD2254C42A500445B8C /* Information.swift in Sources */ = {isa = PBXBuildFile; fileRef = 09A09DD1254C42A500445B8C /* Information.swift */; };
		09A09DD3254C42A500445B8C /* Information.swift in Sources */ = {isa = PBXBuildFile; fileRef = 09A09DD1254C42A500445B8C /* Information.swift */; };
		09CE15DC25360CE700CA0EE0 /* Taskbar.swift in Sources */ = {isa = PBXBuildFile; fileRef = 09CE15DB25360CE700CA0EE0 /* Taskbar.swift */; };
		09CE15DD25360CE700CA0EE0 /* Taskbar.swift in Sources */ = {isa = PBXBuildFile; fileRef = 09CE15DB25360CE700CA0EE0 /* Taskbar.swift */; };
		09CE15DF25360DE200CA0EE0 /* Process.swift in Sources */ = {isa = PBXBuildFile; fileRef = 09CE15DE25360DE200CA0EE0 /* Process.swift */; };
		09CE15E025360DE200CA0EE0 /* Process.swift in Sources */ = {isa = PBXBuildFile; fileRef = 09CE15DE25360DE200CA0EE0 /* Process.swift */; };
/* End PBXBuildFile section */

/* Begin PBXContainerItemProxy section */
		099E5C6225360B97005C1758 /* PBXContainerItemProxy */ = {
			isa = PBXContainerItemProxy;
			containerPortal = 099E5C4525360B8F005C1758 /* Project object */;
			proxyType = 1;
			remoteGlobalIDString = 099E5C5025360B97005C1758;
			remoteInfo = "SauceDesignsApp (iOS)";
		};
		099E5C6D25360B97005C1758 /* PBXContainerItemProxy */ = {
			isa = PBXContainerItemProxy;
			containerPortal = 099E5C4525360B8F005C1758 /* Project object */;
			proxyType = 1;
			remoteGlobalIDString = 099E5C5825360B97005C1758;
			remoteInfo = "SauceDesignsApp (macOS)";
		};
/* End PBXContainerItemProxy section */

/* Begin PBXFileReference section */
		099E5C4A25360B8F005C1758 /* SauceDesignsAppApp.swift */ = {isa = PBXFileReference; lastKnownFileType = sourcecode.swift; path = SauceDesignsAppApp.swift; sourceTree = "<group>"; };
		099E5C4B25360B8F005C1758 /* ContentView.swift */ = {isa = PBXFileReference; lastKnownFileType = sourcecode.swift; path = ContentView.swift; sourceTree = "<group>"; };
		099E5C4C25360B97005C1758 /* Assets.xcassets */ = {isa = PBXFileReference; lastKnownFileType = folder.assetcatalog; path = Assets.xcassets; sourceTree = "<group>"; };
		099E5C5125360B97005C1758 /* SauceDesignsApp.app */ = {isa = PBXFileReference; explicitFileType = wrapper.application; includeInIndex = 0; path = SauceDesignsApp.app; sourceTree = BUILT_PRODUCTS_DIR; };
		099E5C5425360B97005C1758 /* Info.plist */ = {isa = PBXFileReference; lastKnownFileType = text.plist.xml; path = Info.plist; sourceTree = "<group>"; };
		099E5C5925360B97005C1758 /* SauceDesignsApp.app */ = {isa = PBXFileReference; explicitFileType = wrapper.application; includeInIndex = 0; path = SauceDesignsApp.app; sourceTree = BUILT_PRODUCTS_DIR; };
		099E5C5B25360B97005C1758 /* Info.plist */ = {isa = PBXFileReference; lastKnownFileType = text.plist.xml; path = Info.plist; sourceTree = "<group>"; };
		099E5C5C25360B97005C1758 /* macOS.entitlements */ = {isa = PBXFileReference; lastKnownFileType = text.plist.entitlements; path = macOS.entitlements; sourceTree = "<group>"; };
		099E5C6125360B97005C1758 /* Tests iOS.xctest */ = {isa = PBXFileReference; explicitFileType = wrapper.cfbundle; includeInIndex = 0; path = "Tests iOS.xctest"; sourceTree = BUILT_PRODUCTS_DIR; };
		099E5C6525360B97005C1758 /* Tests_iOS.swift */ = {isa = PBXFileReference; lastKnownFileType = sourcecode.swift; path = Tests_iOS.swift; sourceTree = "<group>"; };
		099E5C6725360B97005C1758 /* Info.plist */ = {isa = PBXFileReference; lastKnownFileType = text.plist.xml; path = Info.plist; sourceTree = "<group>"; };
		099E5C6C25360B97005C1758 /* Tests macOS.xctest */ = {isa = PBXFileReference; explicitFileType = wrapper.cfbundle; includeInIndex = 0; path = "Tests macOS.xctest"; sourceTree = BUILT_PRODUCTS_DIR; };
		099E5C7025360B97005C1758 /* Tests_macOS.swift */ = {isa = PBXFileReference; lastKnownFileType = sourcecode.swift; path = Tests_macOS.swift; sourceTree = "<group>"; };
		099E5C7225360B97005C1758 /* Info.plist */ = {isa = PBXFileReference; lastKnownFileType = text.plist.xml; path = Info.plist; sourceTree = "<group>"; };
		09A09DD1254C42A500445B8C /* Information.swift */ = {isa = PBXFileReference; lastKnownFileType = sourcecode.swift; path = Information.swift; sourceTree = "<group>"; };
		09CE15DB25360CE700CA0EE0 /* Taskbar.swift */ = {isa = PBXFileReference; lastKnownFileType = sourcecode.swift; path = Taskbar.swift; sourceTree = "<group>"; };
		09CE15DE25360DE200CA0EE0 /* Process.swift */ = {isa = PBXFileReference; lastKnownFileType = sourcecode.swift; path = Process.swift; sourceTree = "<group>"; };
/* End PBXFileReference section */

/* Begin PBXFrameworksBuildPhase section */
		099E5C4E25360B97005C1758 /* Frameworks */ = {
			isa = PBXFrameworksBuildPhase;
			buildActionMask = 2147483647;
			files = (
			);
			runOnlyForDeploymentPostprocessing = 0;
		};
		099E5C5625360B97005C1758 /* Frameworks */ = {
			isa = PBXFrameworksBuildPhase;
			buildActionMask = 2147483647;
			files = (
			);
			runOnlyForDeploymentPostprocessing = 0;
		};
		099E5C5E25360B97005C1758 /* Frameworks */ = {
			isa = PBXFrameworksBuildPhase;
			buildActionMask = 2147483647;
			files = (
			);
			runOnlyForDeploymentPostprocessing = 0;
		};
		099E5C6925360B97005C1758 /* Frameworks */ = {
			isa = PBXFrameworksBuildPhase;
			buildActionMask = 2147483647;
			files = (
			);
			runOnlyForDeploymentPostprocessing = 0;
		};
/* End PBXFrameworksBuildPhase section */

/* Begin PBXGroup section */
		099E5C4425360B8F005C1758 = {
			isa = PBXGroup;
			children = (
				099E5C4925360B8F005C1758 /* Shared */,
				099E5C5325360B97005C1758 /* iOS */,
				099E5C5A25360B97005C1758 /* macOS */,
				099E5C6425360B97005C1758 /* Tests iOS */,
				099E5C6F25360B97005C1758 /* Tests macOS */,
				099E5C5225360B97005C1758 /* Products */,
			);
			sourceTree = "<group>";
		};
		099E5C4925360B8F005C1758 /* Shared */ = {
			isa = PBXGroup;
			children = (
				099E5C4A25360B8F005C1758 /* SauceDesignsAppApp.swift */,
				099E5C4B25360B8F005C1758 /* ContentView.swift */,
				09A09DD1254C42A500445B8C /* Information.swift */,
				09CE15DE25360DE200CA0EE0 /* Process.swift */,
				09CE15DB25360CE700CA0EE0 /* Taskbar.swift */,
				099E5C4C25360B97005C1758 /* Assets.xcassets */,
			);
			path = Shared;
			sourceTree = "<group>";
		};
		099E5C5225360B97005C1758 /* Products */ = {
			isa = PBXGroup;
			children = (
				099E5C5125360B97005C1758 /* SauceDesignsApp.app */,
				099E5C5925360B97005C1758 /* SauceDesignsApp.app */,
				099E5C6125360B97005C1758 /* Tests iOS.xctest */,
				099E5C6C25360B97005C1758 /* Tests macOS.xctest */,
			);
			name = Products;
			sourceTree = "<group>";
		};
		099E5C5325360B97005C1758 /* iOS */ = {
			isa = PBXGroup;
			children = (
				099E5C5425360B97005C1758 /* Info.plist */,
			);
			path = iOS;
			sourceTree = "<group>";
		};
		099E5C5A25360B97005C1758 /* macOS */ = {
			isa = PBXGroup;
			children = (
				099E5C5B25360B97005C1758 /* Info.plist */,
				099E5C5C25360B97005C1758 /* macOS.entitlements */,
			);
			path = macOS;
			sourceTree = "<group>";
		};
		099E5C6425360B97005C1758 /* Tests iOS */ = {
			isa = PBXGroup;
			children = (
				099E5C6525360B97005C1758 /* Tests_iOS.swift */,
				099E5C6725360B97005C1758 /* Info.plist */,
			);
			path = "Tests iOS";
			sourceTree = "<group>";
		};
		099E5C6F25360B97005C1758 /* Tests macOS */ = {
			isa = PBXGroup;
			children = (
				099E5C7025360B97005C1758 /* Tests_macOS.swift */,
				099E5C7225360B97005C1758 /* Info.plist */,
			);
			path = "Tests macOS";
			sourceTree = "<group>";
		};
/* End PBXGroup section */

/* Begin PBXNativeTarget section */
		099E5C5025360B97005C1758 /* SauceDesignsApp (iOS) */ = {
			isa = PBXNativeTarget;
			buildConfigurationList = 099E5C7B25360B97005C1758 /* Build configuration list for PBXNativeTarget "SauceDesignsApp (iOS)" */;
			buildPhases = (
				099E5C4D25360B97005C1758 /* Sources */,
				099E5C4E25360B97005C1758 /* Frameworks */,
				099E5C4F25360B97005C1758 /* Resources */,
			);
			buildRules = (
			);
			dependencies = (
			);
			name = "SauceDesignsApp (iOS)";
			productName = "SauceDesignsApp (iOS)";
			productReference = 099E5C5125360B97005C1758 /* SauceDesignsApp.app */;
			productType = "com.apple.product-type.application";
		};
		099E5C5825360B97005C1758 /* SauceDesignsApp (macOS) */ = {
			isa = PBXNativeTarget;
			buildConfigurationList = 099E5C7E25360B97005C1758 /* Build configuration list for PBXNativeTarget "SauceDesignsApp (macOS)" */;
			buildPhases = (
				099E5C5525360B97005C1758 /* Sources */,
				099E5C5625360B97005C1758 /* Frameworks */,
				099E5C5725360B97005C1758 /* Resources */,
			);
			buildRules = (
			);
			dependencies = (
			);
			name = "SauceDesignsApp (macOS)";
			productName = "SauceDesignsApp (macOS)";
			productReference = 099E5C5925360B97005C1758 /* SauceDesignsApp.app */;
			productType = "com.apple.product-type.application";
		};
		099E5C6025360B97005C1758 /* Tests iOS */ = {
			isa = PBXNativeTarget;
			buildConfigurationList = 099E5C8125360B97005C1758 /* Build configuration list for PBXNativeTarget "Tests iOS" */;
			buildPhases = (
				099E5C5D25360B97005C1758 /* Sources */,
				099E5C5E25360B97005C1758 /* Frameworks */,
				099E5C5F25360B97005C1758 /* Resources */,
			);
			buildRules = (
			);
			dependencies = (
				099E5C6325360B97005C1758 /* PBXTargetDependency */,
			);
			name = "Tests iOS";
			productName = "Tests iOS";
			productReference = 099E5C6125360B97005C1758 /* Tests iOS.xctest */;
			productType = "com.apple.product-type.bundle.ui-testing";
		};
		099E5C6B25360B97005C1758 /* Tests macOS */ = {
			isa = PBXNativeTarget;
			buildConfigurationList = 099E5C8425360B97005C1758 /* Build configuration list for PBXNativeTarget "Tests macOS" */;
			buildPhases = (
				099E5C6825360B97005C1758 /* Sources */,
				099E5C6925360B97005C1758 /* Frameworks */,
				099E5C6A25360B97005C1758 /* Resources */,
			);
			buildRules = (
			);
			dependencies = (
				099E5C6E25360B97005C1758 /* PBXTargetDependency */,
			);
			name = "Tests macOS";
			productName = "Tests macOS";
			productReference = 099E5C6C25360B97005C1758 /* Tests macOS.xctest */;
			productType = "com.apple.product-type.bundle.ui-testing";
		};
/* End PBXNativeTarget section */

/* Begin PBXProject section */
		099E5C4525360B8F005C1758 /* Project object */ = {
			isa = PBXProject;
			attributes = {
				LastSwiftUpdateCheck = 1200;
				LastUpgradeCheck = 1200;
				TargetAttributes = {
					099E5C5025360B97005C1758 = {
						CreatedOnToolsVersion = 12.0;
					};
					099E5C5825360B97005C1758 = {
						CreatedOnToolsVersion = 12.0;
					};
					099E5C6025360B97005C1758 = {
						CreatedOnToolsVersion = 12.0;
						TestTargetID = 099E5C5025360B97005C1758;
					};
					099E5C6B25360B97005C1758 = {
						CreatedOnToolsVersion = 12.0;
						TestTargetID = 099E5C5825360B97005C1758;
					};
				};
			};
			buildConfigurationList = 099E5C4825360B8F005C1758 /* Build configuration list for PBXProject "SauceDesignsApp" */;
			compatibilityVersion = "Xcode 9.3";
			developmentRegion = en;
			hasScannedForEncodings = 0;
			knownRegions = (
				en,
				Base,
			);
			mainGroup = 099E5C4425360B8F005C1758;
			productRefGroup = 099E5C5225360B97005C1758 /* Products */;
			projectDirPath = "";
			projectRoot = "";
			targets = (
				099E5C5025360B97005C1758 /* SauceDesignsApp (iOS) */,
				099E5C5825360B97005C1758 /* SauceDesignsApp (macOS) */,
				099E5C6025360B97005C1758 /* Tests iOS */,
				099E5C6B25360B97005C1758 /* Tests macOS */,
			);
		};
/* End PBXProject section */

/* Begin PBXResourcesBuildPhase section */
		099E5C4F25360B97005C1758 /* Resources */ = {
			isa = PBXResourcesBuildPhase;
			buildActionMask = 2147483647;
			files = (
				099E5C7725360B97005C1758 /* Assets.xcassets in Resources */,
			);
			runOnlyForDeploymentPostprocessing = 0;
		};
		099E5C5725360B97005C1758 /* Resources */ = {
			isa = PBXResourcesBuildPhase;
			buildActionMask = 2147483647;
			files = (
				099E5C7825360B97005C1758 /* Assets.xcassets in Resources */,
			);
			runOnlyForDeploymentPostprocessing = 0;
		};
		099E5C5F25360B97005C1758 /* Resources */ = {
			isa = PBXResourcesBuildPhase;
			buildActionMask = 2147483647;
			files = (
			);
			runOnlyForDeploymentPostprocessing = 0;
		};
		099E5C6A25360B97005C1758 /* Resources */ = {
			isa = PBXResourcesBuildPhase;
			buildActionMask = 2147483647;
			files = (
			);
			runOnlyForDeploymentPostprocessing = 0;
		};
/* End PBXResourcesBuildPhase section */

/* Begin PBXSourcesBuildPhase section */
		099E5C4D25360B97005C1758 /* Sources */ = {
			isa = PBXSourcesBuildPhase;
			buildActionMask = 2147483647;
			files = (
				099E5C7525360B97005C1758 /* ContentView.swift in Sources */,
				099E5C7325360B97005C1758 /* SauceDesignsAppApp.swift in Sources */,
				09CE15DC25360CE700CA0EE0 /* Taskbar.swift in Sources */,
				09A09DD2254C42A500445B8C /* Information.swift in Sources */,
				09CE15DF25360DE200CA0EE0 /* Process.swift in Sources */,
			);
			runOnlyForDeploymentPostprocessing = 0;
		};
		099E5C5525360B97005C1758 /* Sources */ = {
			isa = PBXSourcesBuildPhase;
			buildActionMask = 2147483647;
			files = (
				099E5C7625360B97005C1758 /* ContentView.swift in Sources */,
				099E5C7425360B97005C1758 /* SauceDesignsAppApp.swift in Sources */,
				09CE15DD25360CE700CA0EE0 /* Taskbar.swift in Sources */,
				09A09DD3254C42A500445B8C /* Information.swift in Sources */,
				09CE15E025360DE200CA0EE0 /* Process.swift in Sources */,
			);
			runOnlyForDeploymentPostprocessing = 0;
		};
		099E5C5D25360B97005C1758 /* Sources */ = {
			isa = PBXSourcesBuildPhase;
			buildActionMask = 2147483647;
			files = (
				099E5C6625360B97005C1758 /* Tests_iOS.swift in Sources */,
			);
			runOnlyForDeploymentPostprocessing = 0;
		};
		099E5C6825360B97005C1758 /* Sources */ = {
			isa = PBXSourcesBuildPhase;
			buildActionMask = 2147483647;
			files = (
				099E5C7125360B97005C1758 /* Tests_macOS.swift in Sources */,
			);
			runOnlyForDeploymentPostprocessing = 0;
		};
/* End PBXSourcesBuildPhase section */

/* Begin PBXTargetDependency section */
		099E5C6325360B97005C1758 /* PBXTargetDependency */ = {
			isa = PBXTargetDependency;
			target = 099E5C5025360B97005C1758 /* SauceDesignsApp (iOS) */;
			targetProxy = 099E5C6225360B97005C1758 /* PBXContainerItemProxy */;
		};
		099E5C6E25360B97005C1758 /* PBXTargetDependency */ = {
			isa = PBXTargetDependency;
			target = 099E5C5825360B97005C1758 /* SauceDesignsApp (macOS) */;
			targetProxy = 099E5C6D25360B97005C1758 /* PBXContainerItemProxy */;
		};
/* End PBXTargetDependency section */

/* Begin XCBuildConfiguration section */
		099E5C7925360B97005C1758 /* Debug */ = {
			isa = XCBuildConfiguration;
			buildSettings = {
				ALWAYS_SEARCH_USER_PATHS = NO;
				CLANG_ANALYZER_NONNULL = YES;
				CLANG_ANALYZER_NUMBER_OBJECT_CONVERSION = YES_AGGRESSIVE;
				CLANG_CXX_LANGUAGE_STANDARD = "gnu++14";
				CLANG_CXX_LIBRARY = "libc++";
				CLANG_ENABLE_MODULES = YES;
				CLANG_ENABLE_OBJC_ARC = YES;
				CLANG_ENABLE_OBJC_WEAK = YES;
				CLANG_WARN_BLOCK_CAPTURE_AUTORELEASING = YES;
				CLANG_WARN_BOOL_CONVERSION = YES;
				CLANG_WARN_COMMA = YES;
				CLANG_WARN_CONSTANT_CONVERSION = YES;
				CLANG_WARN_DEPRECATED_OBJC_IMPLEMENTATIONS = YES;
				CLANG_WARN_DIRECT_OBJC_ISA_USAGE = YES_ERROR;
				CLANG_WARN_DOCUMENTATION_COMMENTS = YES;
				CLANG_WARN_EMPTY_BODY = YES;
				CLANG_WARN_ENUM_CONVERSION = YES;
				CLANG_WARN_INFINITE_RECURSION = YES;
				CLANG_WARN_INT_CONVERSION = YES;
				CLANG_WARN_NON_LITERAL_NULL_CONVERSION = YES;
				CLANG_WARN_OBJC_IMPLICIT_RETAIN_SELF = YES;
				CLANG_WARN_OBJC_LITERAL_CONVERSION = YES;
				CLANG_WARN_OBJC_ROOT_CLASS = YES_ERROR;
				CLANG_WARN_QUOTED_INCLUDE_IN_FRAMEWORK_HEADER = YES;
				CLANG_WARN_RANGE_LOOP_ANALYSIS = YES;
				CLANG_WARN_STRICT_PROTOTYPES = YES;
				CLANG_WARN_SUSPICIOUS_MOVE = YES;
				CLANG_WARN_UNGUARDED_AVAILABILITY = YES_AGGRESSIVE;
				CLANG_WARN_UNREACHABLE_CODE = YES;
				CLANG_WARN__DUPLICATE_METHOD_MATCH = YES;
				COPY_PHASE_STRIP = NO;
				DEBUG_INFORMATION_FORMAT = dwarf;
				ENABLE_STRICT_OBJC_MSGSEND = YES;
				ENABLE_TESTABILITY = YES;
				GCC_C_LANGUAGE_STANDARD = gnu11;
				GCC_DYNAMIC_NO_PIC = NO;
				GCC_NO_COMMON_BLOCKS = YES;
				GCC_OPTIMIZATION_LEVEL = 0;
				GCC_PREPROCESSOR_DEFINITIONS = (
					"DEBUG=1",
					"$(inherited)",
				);
				GCC_WARN_64_TO_32_BIT_CONVERSION = YES;
				GCC_WARN_ABOUT_RETURN_TYPE = YES_ERROR;
				GCC_WARN_UNDECLARED_SELECTOR = YES;
				GCC_WARN_UNINITIALIZED_AUTOS = YES_AGGRESSIVE;
				GCC_WARN_UNUSED_FUNCTION = YES;
				GCC_WARN_UNUSED_VARIABLE = YES;
				MTL_ENABLE_DEBUG_INFO = INCLUDE_SOURCE;
				MTL_FAST_MATH = YES;
				ONLY_ACTIVE_ARCH = YES;
				SWIFT_ACTIVE_COMPILATION_CONDITIONS = DEBUG;
				SWIFT_OPTIMIZATION_LEVEL = "-Onone";
			};
			name = Debug;
		};
		099E5C7A25360B97005C1758 /* Release */ = {
			isa = XCBuildConfiguration;
			buildSettings = {
				ALWAYS_SEARCH_USER_PATHS = NO;
				CLANG_ANALYZER_NONNULL = YES;
				CLANG_ANALYZER_NUMBER_OBJECT_CONVERSION = YES_AGGRESSIVE;
				CLANG_CXX_LANGUAGE_STANDARD = "gnu++14";
				CLANG_CXX_LIBRARY = "libc++";
				CLANG_ENABLE_MODULES = YES;
				CLANG_ENABLE_OBJC_ARC = YES;
				CLANG_ENABLE_OBJC_WEAK = YES;
				CLANG_WARN_BLOCK_CAPTURE_AUTORELEASING = YES;
				CLANG_WARN_BOOL_CONVERSION = YES;
				CLANG_WARN_COMMA = YES;
				CLANG_WARN_CONSTANT_CONVERSION = YES;
				CLANG_WARN_DEPRECATED_OBJC_IMPLEMENTATIONS = YES;
				CLANG_WARN_DIRECT_OBJC_ISA_USAGE = YES_ERROR;
				CLANG_WARN_DOCUMENTATION_COMMENTS = YES;
				CLANG_WARN_EMPTY_BODY = YES;
				CLANG_WARN_ENUM_CONVERSION = YES;
				CLANG_WARN_INFINITE_RECURSION = YES;
				CLANG_WARN_INT_CONVERSION = YES;
				CLANG_WARN_NON_LITERAL_NULL_CONVERSION = YES;
				CLANG_WARN_OBJC_IMPLICIT_RETAIN_SELF = YES;
				CLANG_WARN_OBJC_LITERAL_CONVERSION = YES;
				CLANG_WARN_OBJC_ROOT_CLASS = YES_ERROR;
				CLANG_WARN_QUOTED_INCLUDE_IN_FRAMEWORK_HEADER = YES;
				CLANG_WARN_RANGE_LOOP_ANALYSIS = YES;
				CLANG_WARN_STRICT_PROTOTYPES = YES;
				CLANG_WARN_SUSPICIOUS_MOVE = YES;
				CLANG_WARN_UNGUARDED_AVAILABILITY = YES_AGGRESSIVE;
				CLANG_WARN_UNREACHABLE_CODE = YES;
				CLANG_WARN__DUPLICATE_METHOD_MATCH = YES;
				COPY_PHASE_STRIP = NO;
				DEBUG_INFORMATION_FORMAT = "dwarf-with-dsym";
				ENABLE_NS_ASSERTIONS = NO;
				ENABLE_STRICT_OBJC_MSGSEND = YES;
				GCC_C_LANGUAGE_STANDARD = gnu11;
				GCC_NO_COMMON_BLOCKS = YES;
				GCC_WARN_64_TO_32_BIT_CONVERSION = YES;
				GCC_WARN_ABOUT_RETURN_TYPE = YES_ERROR;
				GCC_WARN_UNDECLARED_SELECTOR = YES;
				GCC_WARN_UNINITIALIZED_AUTOS = YES_AGGRESSIVE;
				GCC_WARN_UNUSED_FUNCTION = YES;
				GCC_WARN_UNUSED_VARIABLE = YES;
				MTL_ENABLE_DEBUG_INFO = NO;
				MTL_FAST_MATH = YES;
				SWIFT_COMPILATION_MODE = wholemodule;
				SWIFT_OPTIMIZATION_LEVEL = "-O";
			};
			name = Release;
		};
		099E5C7C25360B97005C1758 /* Debug */ = {
			isa = XCBuildConfiguration;
			buildSettings = {
				ASSETCATALOG_COMPILER_APPICON_NAME = AppIcon;
				ASSETCATALOG_COMPILER_GLOBAL_ACCENT_COLOR_NAME = AccentColor;
				CODE_SIGN_STYLE = Automatic;
				DEVELOPMENT_TEAM = 4F95F96C4N;
				ENABLE_PREVIEWS = YES;
				INFOPLIST_FILE = iOS/Info.plist;
				IPHONEOS_DEPLOYMENT_TARGET = 14.0;
				LD_RUNPATH_SEARCH_PATHS = (
					"$(inherited)",
					"@executable_path/Frameworks",
				);
				PRODUCT_BUNDLE_IDENTIFIER = SauceDesigns.SauceDesignsApp;
				PRODUCT_NAME = SauceDesignsApp;
				SDKROOT = iphoneos;
				SWIFT_VERSION = 5.0;
				TARGETED_DEVICE_FAMILY = "1,2";
			};
			name = Debug;
		};
		099E5C7D25360B97005C1758 /* Release */ = {
			isa = XCBuildConfiguration;
			buildSettings = {
				ASSETCATALOG_COMPILER_APPICON_NAME = AppIcon;
				ASSETCATALOG_COMPILER_GLOBAL_ACCENT_COLOR_NAME = AccentColor;
				CODE_SIGN_STYLE = Automatic;
				DEVELOPMENT_TEAM = 4F95F96C4N;
				ENABLE_PREVIEWS = YES;
				INFOPLIST_FILE = iOS/Info.plist;
				IPHONEOS_DEPLOYMENT_TARGET = 14.0;
				LD_RUNPATH_SEARCH_PATHS = (
					"$(inherited)",
					"@executable_path/Frameworks",
				);
				PRODUCT_BUNDLE_IDENTIFIER = SauceDesigns.SauceDesignsApp;
				PRODUCT_NAME = SauceDesignsApp;
				SDKROOT = iphoneos;
				SWIFT_VERSION = 5.0;
				TARGETED_DEVICE_FAMILY = "1,2";
				VALIDATE_PRODUCT = YES;
			};
			name = Release;
		};
		099E5C7F25360B97005C1758 /* Debug */ = {
			isa = XCBuildConfiguration;
			buildSettings = {
				ASSETCATALOG_COMPILER_APPICON_NAME = AppIcon;
				ASSETCATALOG_COMPILER_GLOBAL_ACCENT_COLOR_NAME = AccentColor;
				CODE_SIGN_ENTITLEMENTS = macOS/macOS.entitlements;
				CODE_SIGN_STYLE = Automatic;
				COMBINE_HIDPI_IMAGES = YES;
				DEVELOPMENT_TEAM = 4F95F96C4N;
				ENABLE_HARDENED_RUNTIME = YES;
				ENABLE_PREVIEWS = YES;
				INFOPLIST_FILE = macOS/Info.plist;
				LD_RUNPATH_SEARCH_PATHS = (
					"$(inherited)",
					"@executable_path/../Frameworks",
				);
				MACOSX_DEPLOYMENT_TARGET = 11.0;
				PRODUCT_BUNDLE_IDENTIFIER = SauceDesigns.SauceDesignsApp;
				PRODUCT_NAME = SauceDesignsApp;
				SDKROOT = macosx;
				SWIFT_VERSION = 5.0;
			};
			name = Debug;
		};
		099E5C8025360B97005C1758 /* Release */ = {
			isa = XCBuildConfiguration;
			buildSettings = {
				ASSETCATALOG_COMPILER_APPICON_NAME = AppIcon;
				ASSETCATALOG_COMPILER_GLOBAL_ACCENT_COLOR_NAME = AccentColor;
				CODE_SIGN_ENTITLEMENTS = macOS/macOS.entitlements;
				CODE_SIGN_STYLE = Automatic;
				COMBINE_HIDPI_IMAGES = YES;
				DEVELOPMENT_TEAM = 4F95F96C4N;
				ENABLE_HARDENED_RUNTIME = YES;
				ENABLE_PREVIEWS = YES;
				INFOPLIST_FILE = macOS/Info.plist;
				LD_RUNPATH_SEARCH_PATHS = (
					"$(inherited)",
					"@executable_path/../Frameworks",
				);
				MACOSX_DEPLOYMENT_TARGET = 11.0;
				PRODUCT_BUNDLE_IDENTIFIER = SauceDesigns.SauceDesignsApp;
				PRODUCT_NAME = SauceDesignsApp;
				SDKROOT = macosx;
				SWIFT_VERSION = 5.0;
			};
			name = Release;
		};
		099E5C8225360B97005C1758 /* Debug */ = {
			isa = XCBuildConfiguration;
			buildSettings = {
				ALWAYS_EMBED_SWIFT_STANDARD_LIBRARIES = YES;
				CODE_SIGN_STYLE = Automatic;
				DEVELOPMENT_TEAM = 4F95F96C4N;
				INFOPLIST_FILE = "Tests iOS/Info.plist";
				IPHONEOS_DEPLOYMENT_TARGET = 14.0;
				LD_RUNPATH_SEARCH_PATHS = (
					"$(inherited)",
					"@executable_path/Frameworks",
					"@loader_path/Frameworks",
				);
				PRODUCT_BUNDLE_IDENTIFIER = "SauceDesigns.Tests-iOS";
				PRODUCT_NAME = "$(TARGET_NAME)";
				SDKROOT = iphoneos;
				SWIFT_VERSION = 5.0;
				TARGETED_DEVICE_FAMILY = "1,2";
				TEST_TARGET_NAME = "SauceDesignsApp (iOS)";
			};
			name = Debug;
		};
		099E5C8325360B97005C1758 /* Release */ = {
			isa = XCBuildConfiguration;
			buildSettings = {
				ALWAYS_EMBED_SWIFT_STANDARD_LIBRARIES = YES;
				CODE_SIGN_STYLE = Automatic;
				DEVELOPMENT_TEAM = 4F95F96C4N;
				INFOPLIST_FILE = "Tests iOS/Info.plist";
				IPHONEOS_DEPLOYMENT_TARGET = 14.0;
				LD_RUNPATH_SEARCH_PATHS = (
					"$(inherited)",
					"@executable_path/Frameworks",
					"@loader_path/Frameworks",
				);
				PRODUCT_BUNDLE_IDENTIFIER = "SauceDesigns.Tests-iOS";
				PRODUCT_NAME = "$(TARGET_NAME)";
				SDKROOT = iphoneos;
				SWIFT_VERSION = 5.0;
				TARGETED_DEVICE_FAMILY = "1,2";
				TEST_TARGET_NAME = "SauceDesignsApp (iOS)";
				VALIDATE_PRODUCT = YES;
			};
			name = Release;
		};
		099E5C8525360B97005C1758 /* Debug */ = {
			isa = XCBuildConfiguration;
			buildSettings = {
				ALWAYS_EMBED_SWIFT_STANDARD_LIBRARIES = YES;
				CODE_SIGN_STYLE = Automatic;
				COMBINE_HIDPI_IMAGES = YES;
				DEVELOPMENT_TEAM = 4F95F96C4N;
				INFOPLIST_FILE = "Tests macOS/Info.plist";
				LD_RUNPATH_SEARCH_PATHS = (
					"$(inherited)",
					"@executable_path/../Frameworks",
					"@loader_path/../Frameworks",
				);
				MACOSX_DEPLOYMENT_TARGET = 11.0;
				PRODUCT_BUNDLE_IDENTIFIER = "SauceDesigns.Tests-macOS";
				PRODUCT_NAME = "$(TARGET_NAME)";
				SDKROOT = macosx;
				SWIFT_VERSION = 5.0;
				TEST_TARGET_NAME = "SauceDesignsApp (macOS)";
			};
			name = Debug;
		};
		099E5C8625360B97005C1758 /* Release */ = {
			isa = XCBuildConfiguration;
			buildSettings = {
				ALWAYS_EMBED_SWIFT_STANDARD_LIBRARIES = YES;
				CODE_SIGN_STYLE = Automatic;
				COMBINE_HIDPI_IMAGES = YES;
				DEVELOPMENT_TEAM = 4F95F96C4N;
				INFOPLIST_FILE = "Tests macOS/Info.plist";
				LD_RUNPATH_SEARCH_PATHS = (
					"$(inherited)",
					"@executable_path/../Frameworks",
					"@loader_path/../Frameworks",
				);
				MACOSX_DEPLOYMENT_TARGET = 11.0;
				PRODUCT_BUNDLE_IDENTIFIER = "SauceDesigns.Tests-macOS";
				PRODUCT_NAME = "$(TARGET_NAME)";
				SDKROOT = macosx;
				SWIFT_VERSION = 5.0;
				TEST_TARGET_NAME = "SauceDesignsApp (macOS)";
			};
			name = Release;
		};
/* End XCBuildConfiguration section */

/* Begin XCConfigurationList section */
		099E5C4825360B8F005C1758 /* Build configuration list for PBXProject "SauceDesignsApp" */ = {
			isa = XCConfigurationList;
			buildConfigurations = (
				099E5C7925360B97005C1758 /* Debug */,
				099E5C7A25360B97005C1758 /* Release */,
			);
			defaultConfigurationIsVisible = 0;
			defaultConfigurationName = Release;
		};
		099E5C7B25360B97005C1758 /* Build configuration list for PBXNativeTarget "SauceDesignsApp (iOS)" */ = {
			isa = XCConfigurationList;
			buildConfigurations = (
				099E5C7C25360B97005C1758 /* Debug */,
				099E5C7D25360B97005C1758 /* Release */,
			);
			defaultConfigurationIsVisible = 0;
			defaultConfigurationName = Release;
		};
		099E5C7E25360B97005C1758 /* Build configuration list for PBXNativeTarget "SauceDesignsApp (macOS)" */ = {
			isa = XCConfigurationList;
			buildConfigurations = (
				099E5C7F25360B97005C1758 /* Debug */,
				099E5C8025360B97005C1758 /* Release */,
			);
			defaultConfigurationIsVisible = 0;
			defaultConfigurationName = Release;
		};
		099E5C8125360B97005C1758 /* Build configuration list for PBXNativeTarget "Tests iOS" */ = {
			isa = XCConfigurationList;
			buildConfigurations = (
				099E5C8225360B97005C1758 /* Debug */,
				099E5C8325360B97005C1758 /* Release */,
			);
			defaultConfigurationIsVisible = 0;
			defaultConfigurationName = Release;
		};
		099E5C8425360B97005C1758 /* Build configuration list for PBXNativeTarget "Tests macOS" */ = {
			isa = XCConfigurationList;
			buildConfigurations = (
				099E5C8525360B97005C1758 /* Debug */,
				099E5C8625360B97005C1758 /* Release */,
			);
			defaultConfigurationIsVisible = 0;
			defaultConfigurationName = Release;
		};
/* End XCConfigurationList section */
	};
	rootObject = 099E5C4525360B8F005C1758 /* Project object */;
}
